
Microsoft Visual Studio Solution File, Format Version 12.00
# Visual Studio Version 18
VisualStudioVersion = 18.0.11123.170
MinimumVisualStudioVersion = 10.0.40219.1
Project("{FAE04EC0-301F-11D3-BF4B-00C04F79EFBC}") = "TicTacToe", "TicTacToe\TicTacToe.csproj", "{53F0A9DB-3053-403F-BDEF-237BC827DE08}"
EndProject
Global
	GlobalSection(SolutionConfigurationPlatforms) = preSolution
		Debug|Any CPU = Debug|Any CPU
		Release|Any CPU = Release|Any CPU
	EndGlobalSection
	GlobalSection(ProjectConfigurationPlatforms) = postSolution
		{53F0A9DB-3053-403F-BDEF-237BC827DE08}.Debug|Any CPU.ActiveCfg = Debug|Any CPU
		{53F0A9DB-3053-403F-BDEF-237BC827DE08}.Debug|Any CPU.Build.0 = Debug|Any CPU
		{53F0A9DB-3053-403F-BDEF-237BC827DE08}.Release|Any CPU.ActiveCfg = Release|Any CPU
		{53F0A9DB-3053-403F-BDEF-237BC827DE08}.Release|Any CPU.Build.0 = Release|Any CPU
	EndGlobalSection
	GlobalSection(SolutionProperties) = preSolution
		HideSolutionNode = FALSE
	EndGlobalSection
	GlobalSection(ExtensibilityGlobals) = postSolution
		SolutionGuid = {B82ADFA0-6E01-473F-BCA7-FC08A8257922}
	EndGlobalSection
EndGlobal
